// !$*UTF8*$!
{
	archiveVersion = 1;
	classes = {
	};
	objectVersion = 46;
	objects = {

/* Begin PBXBuildFile section */
		BA3D06CD1A2015A800905B15 /* main.m in Sources */ = {isa = PBXBuildFile; fileRef = BA3D06CC1A2015A800905B15 /* main.m */; };
		BA3D06D01A2015A800905B15 /* AppDelegate.m in Sources */ = {isa = PBXBuildFile; fileRef = BA3D06CF1A2015A800905B15 /* AppDelegate.m */; };
		BA3D06D31A2015A800905B15 /* ViewController.m in Sources */ = {isa = PBXBuildFile; fileRef = BA3D06D21A2015A800905B15 /* ViewController.m */; };
		BA3D06D61A2015A800905B15 /* Main.storyboard in Resources */ = {isa = PBXBuildFile; fileRef = BA3D06D41A2015A800905B15 /* Main.storyboard */; };
		BA3D06D81A2015A800905B15 /* Images.xcassets in Resources */ = {isa = PBXBuildFile; fileRef = BA3D06D71A2015A800905B15 /* Images.xcassets */; };
		BA3D06DB1A2015A800905B15 /* LaunchScreen.xib in Resources */ = {isa = PBXBuildFile; fileRef = BA3D06D91A2015A800905B15 /* LaunchScreen.xib */; };
		BA3D06E71A2015A800905B15 /* testerTests.m in Sources */ = {isa = PBXBuildFile; fileRef = BA3D06E61A2015A800905B15 /* testerTests.m */; };
/* End PBXBuildFile section */

/* Begin PBXContainerItemProxy section */
		BA3D06E11A2015A800905B15 /* PBXContainerItemProxy */ = {
			isa = PBXContainerItemProxy;
			containerPortal = BA3D06BF1A2015A800905B15 /* Project object */;
			proxyType = 1;
			remoteGlobalIDString = BA3D06C61A2015A800905B15;
			remoteInfo = tester;
		};
/* End PBXContainerItemProxy section */

/* Begin PBXFileReference section */
		BA3D06C71A2015A800905B15 /* tester.app */ = {isa = PBXFileReference; explicitFileType = wrapper.application; includeInIndex = 0; path = tester.app; sourceTree = BUILT_PRODUCTS_DIR; };
		BA3D06CB1A2015A800905B15 /* Info.plist */ = {isa = PBXFileReference; lastKnownFileType = text.plist.xml; path = Info.plist; sourceTree = "<group>"; };
		BA3D06CC1A2015A800905B15 /* main.m */ = {isa = PBXFileReference; lastKnownFileType = sourcecode.c.objc; path = main.m; sourceTree = "<group>"; };
		BA3D06CE1A2015A800905B15 /* AppDelegate.h */ = {isa = PBXFileReference; lastKnownFileType = sourcecode.c.h; path = AppDelegate.h; sourceTree = "<group>"; };
		BA3D06CF1A2015A800905B15 /* AppDelegate.m */ = {isa = PBXFileReference; lastKnownFileType = sourcecode.c.objc; path = AppDelegate.m; sourceTree = "<group>"; };
		BA3D06D11A2015A800905B15 /* ViewController.h */ = {isa = PBXFileReference; lastKnownFileType = sourcecode.c.h; path = ViewController.h; sourceTree = "<group>"; };
		BA3D06D21A2015A800905B15 /* ViewController.m */ = {isa = PBXFileReference; lastKnownFileType = sourcecode.c.objc; path = ViewController.m; sourceTree = "<group>"; };
		BA3D06D51A2015A800905B15 /* Base */ = {isa = PBXFileReference; lastKnownFileType = file.storyboard; name = Base; path = Base.lproj/Main.storyboard; sourceTree = "<group>"; };
		BA3D06D71A2015A800905B15 /* Images.xcassets */ = {isa = PBXFileReference; lastKnownFileType = folder.assetcatalog; path = Images.xcassets; sourceTree = "<group>"; };
		BA3D06DA1A2015A800905B15 /* Base */ = {isa = PBXFileReference; lastKnownFileType = file.xib; name = Base; path = Base.lproj/LaunchScreen.xib; sourceTree = "<group>"; };
		BA3D06E01A2015A800905B15 /* testerTests.xctest */ = {isa = PBXFileReference; explicitFileType = wrapper.cfbundle; includeInIndex = 0; path = testerTests.xctest; sourceTree = BUILT_PRODUCTS_DIR; };
		BA3D06E51A2015A800905B15 /* Info.plist */ = {isa = PBXFileReference; lastKnownFileType = text.plist.xml; path = Info.plist; sourceTree = "<group>"; };
		BA3D06E61A2015A800905B15 /* testerTests.m */ = {isa = PBXFileReference; lastKnownFileType = sourcecode.c.objc; path = testerTests.m; sourceTree = "<group>"; };
/* End PBXFileReference section */

/* Begin PBXFrameworksBuildPhase section */
		BA3D06C41A2015A800905B15 /* Frameworks */ = {
			isa = PBXFrameworksBuildPhase;
			buildActionMask = 2147483647;
			files = (
			);
			runOnlyForDeploymentPostprocessing = 0;
		};
		BA3D06DD1A2015A800905B15 /* Frameworks */ = {
			isa = PBXFrameworksBuildPhase;
			buildActionMask = 2147483647;
			files = (
			);
			runOnlyForDeploymentPostprocessing = 0;
		};
/* End PBXFrameworksBuildPhase section */

/* Begin PBXGroup section */
		BA3D06BE1A2015A800905B15 = {
			isa = PBXGroup;
			children = (
				BA3D06C91A2015A800905B15 /* tester */,
				BA3D06E31A2015A800905B15 /* testerTests */,
				BA3D06C81A2015A800905B15 /* Products */,
			);
			sourceTree = "<group>";
		};
		BA3D06C81A2015A800905B15 /* Products */ = {
			isa = PBXGroup;
			children = (
				BA3D06C71A2015A800905B15 /* tester.app */,
				BA3D06E01A2015A800905B15 /* testerTests.xctest */,
			);
			name = Products;
			sourceTree = "<group>";
		};
		BA3D06C91A2015A800905B15 /* tester */ = {
			isa = PBXGroup;
			children = (
				BA3D06CE1A2015A800905B15 /* AppDelegate.h */,
				BA3D06CF1A2015A800905B15 /* AppDelegate.m */,
				BA3D06D11A2015A800905B15 /* ViewController.h */,
				BA3D06D21A2015A800905B15 /* ViewController.m */,
				BA3D06D41A2015A800905B15 /* Main.storyboard */,
				BA3D06D71A2015A800905B15 /* Images.xcassets */,
				BA3D06D91A2015A800905B15 /* LaunchScreen.xib */,
				BA3D06CA1A2015A800905B15 /* Supporting Files */,
			);
			path = tester;
			sourceTree = "<group>";
		};
		BA3D06CA1A2015A800905B15 /* Supporting Files */ = {
			isa = PBXGroup;
			children = (
				BA3D06CB1A2015A800905B15 /* Info.plist */,
				BA3D06CC1A2015A800905B15 /* main.m */,
			);
			name = "Supporting Files";
			sourceTree = "<group>";
		};
		BA3D06E31A2015A800905B15 /* testerTests */ = {
			isa = PBXGroup;
			children = (
				BA3D06E61A2015A800905B15 /* testerTests.m */,
				BA3D06E41A2015A800905B15 /* Supporting Files */,
			);
			path = testerTests;
			sourceTree = "<group>";
		};
		BA3D06E41A2015A800905B15 /* Supporting Files */ = {
			isa = PBXGroup;
			children = (
				BA3D06E51A2015A800905B15 /* Info.plist */,
			);
			name = "Supporting Files";
			sourceTree = "<group>";
		};
/* End PBXGroup section */

/* Begin PBXNativeTarget section */
		BA3D06C61A2015A800905B15 /* tester */ = {
			isa = PBXNativeTarget;
			buildConfigurationList = BA3D06EA1A2015A800905B15 /* Build configuration list for PBXNativeTarget "tester" */;
			buildPhases = (
				BA3D06C31A2015A800905B15 /* Sources */,
				BA3D06C41A2015A800905B15 /* Frameworks */,
				BA3D06C51A2015A800905B15 /* Resources */,
			);
			buildRules = (
			);
			dependencies = (
			);
			name = tester;
			productName = tester;
			productReference = BA3D06C71A2015A800905B15 /* tester.app */;
			productType = "com.apple.product-type.application";
		};
		BA3D06DF1A2015A800905B15 /* testerTests */ = {
			isa = PBXNativeTarget;
			buildConfigurationList = BA3D06ED1A2015A800905B15 /* Build configuration list for PBXNativeTarget "testerTests" */;
			buildPhases = (
				BA3D06DC1A2015A800905B15 /* Sources */,
				BA3D06DD1A2015A800905B15 /* Frameworks */,
				BA3D06DE1A2015A800905B15 /* Resources */,
			);
			buildRules = (
			);
			dependencies = (
				BA3D06E21A2015A800905B15 /* PBXTargetDependency */,
			);
			name = testerTests;
			productName = testerTests;
			productReference = BA3D06E01A2015A800905B15 /* testerTests.xctest */;
			productType = "com.apple.product-type.bundle.unit-test";
		};
/* End PBXNativeTarget section */

/* Begin PBXProject section */
		BA3D06BF1A2015A800905B15 /* Project object */ = {
			isa = PBXProject;
			attributes = {
				LastUpgradeCheck = 0610;
				ORGANIZATIONNAME = "David Mervine";
				TargetAttributes = {
					BA3D06C61A2015A800905B15 = {
						CreatedOnToolsVersion = 6.1;
					};
					BA3D06DF1A2015A800905B15 = {
						CreatedOnToolsVersion = 6.1;
						TestTargetID = BA3D06C61A2015A800905B15;
					};
				};
			};
			buildConfigurationList = BA3D06C21A2015A800905B15 /* Build configuration list for PBXProject "tester" */;
			compatibilityVersion = "Xcode 3.2";
			developmentRegion = English;
			hasScannedForEncodings = 0;
			knownRegions = (
				en,
				Base,
			);
			mainGroup = BA3D06BE1A2015A800905B15;
			productRefGroup = BA3D06C81A2015A800905B15 /* Products */;
			projectDirPath = "";
			projectRoot = "";
			targets = (
				BA3D06C61A2015A800905B15 /* tester */,
				BA3D06DF1A2015A800905B15 /* testerTests */,
			);
		};
/* End PBXProject section */

/* Begin PBXResourcesBuildPhase section */
		BA3D06C51A2015A800905B15 /* Resources */ = {
			isa = PBXResourcesBuildPhase;
			buildActionMask = 2147483647;
			files = (
				BA3D06D61A2015A800905B15 /* Main.storyboard in Resources */,
				BA3D06DB1A2015A800905B15 /* LaunchScreen.xib in Resources */,
				BA3D06D81A2015A800905B15 /* Images.xcassets in Resources */,
			);
			runOnlyForDeploymentPostprocessing = 0;
		};
		BA3D06DE1A2015A800905B15 /* Resources */ = {
			isa = PBXResourcesBuildPhase;
			buildActionMask = 2147483647;
			files = (
			);
			runOnlyForDeploymentPostprocessing = 0;
		};
/* End PBXResourcesBuildPhase section */

/* Begin PBXSourcesBuildPhase section */
		BA3D06C31A2015A800905B15 /* Sources */ = {
			isa = PBXSourcesBuildPhase;
			buildActionMask = 2147483647;
			files = (
				BA3D06D31A2015A800905B15 /* ViewController.m in Sources */,
				BA3D06D01A2015A800905B15 /* AppDelegate.m in Sources */,
				BA3D06CD1A2015A800905B15 /* main.m in Sources */,
			);
			runOnlyForDeploymentPostprocessing = 0;
		};
		BA3D06DC1A2015A800905B15 /* Sources */ = {
			isa = PBXSourcesBuildPhase;
			buildActionMask = 2147483647;
			files = (
				BA3D06E71A2015A800905B15 /* testerTests.m in Sources */,
			);
			runOnlyForDeploymentPostprocessing = 0;
		};
/* End PBXSourcesBuildPhase section */

/* Begin PBXTargetDependency section */
		BA3D06E21A2015A800905B15 /* PBXTargetDependency */ = {
			isa = PBXTargetDependency;
			target = BA3D06C61A2015A800905B15 /* tester */;
			targetProxy = BA3D06E11A2015A800905B15 /* PBXContainerItemProxy */;
		};
/* End PBXTargetDependency section */

/* Begin PBXVariantGroup section */
		BA3D06D41A2015A800905B15 /* Main.storyboard */ = {
			isa = PBXVariantGroup;
			children = (
				BA3D06D51A2015A800905B15 /* Base */,
			);
			name = Main.storyboard;
			sourceTree = "<group>";
		};
		BA3D06D91A2015A800905B15 /* LaunchScreen.xib */ = {
			isa = PBXVariantGroup;
			children = (
				BA3D06DA1A2015A800905B15 /* Base */,
			);
			name = LaunchScreen.xib;
			sourceTree = "<group>";
		};
/* End PBXVariantGroup section */

/* Begin XCBuildConfiguration section */
		BA3D06E81A2015A800905B15 /* Debug */ = {
			isa = XCBuildConfiguration;
			buildSettings = {
				ALWAYS_SEARCH_USER_PATHS = NO;
				CLANG_CXX_LANGUAGE_STANDARD = "gnu++0x";
				CLANG_CXX_LIBRARY = "libc++";
				CLANG_ENABLE_MODULES = YES;
				CLANG_ENABLE_OBJC_ARC = YES;
				CLANG_WARN_BOOL_CONVERSION = YES;
				CLANG_WARN_CONSTANT_CONVERSION = YES;
				CLANG_WARN_DIRECT_OBJC_ISA_USAGE = YES_ERROR;
				CLANG_WARN_EMPTY_BODY = YES;
				CLANG_WARN_ENUM_CONVERSION = YES;
				CLANG_WARN_INT_CONVERSION = YES;
				CLANG_WARN_OBJC_ROOT_CLASS = YES_ERROR;
				CLANG_WARN_UNREACHABLE_CODE = YES;
				CLANG_WARN__DUPLICATE_METHOD_MATCH = YES;
				"CODE_SIGN_IDENTITY[sdk=iphoneos*]" = "iPhone Developer";
				COPY_PHASE_STRIP = NO;
				ENABLE_STRICT_OBJC_MSGSEND = YES;
				GCC_C_LANGUAGE_STANDARD = gnu99;
				GCC_DYNAMIC_NO_PIC = NO;
				GCC_OPTIMIZATION_LEVEL = 0;
				GCC_PREPROCESSOR_DEFINITIONS = (
					"DEBUG=1",
					"$(inherited)",
				);
				GCC_SYMBOLS_PRIVATE_EXTERN = NO;
				GCC_WARN_64_TO_32_BIT_CONVERSION = YES;
				GCC_WARN_ABOUT_RETURN_TYPE = YES_ERROR;
				GCC_WARN_UNDECLARED_SELECTOR = YES;
				GCC_WARN_UNINITIALIZED_AUTOS = YES_AGGRESSIVE;
				GCC_WARN_UNUSED_FUNCTION = YES;
				GCC_WARN_UNUSED_VARIABLE = YES;
				IPHONEOS_DEPLOYMENT_TARGET = 8.1;
				MTL_ENABLE_DEBUG_INFO = YES;
				ONLY_ACTIVE_ARCH = YES;
				SDKROOT = iphoneos;
			};
			name = Debug;
		};
		BA3D06E91A2015A800905B15 /* Release */ = {
			isa = XCBuildConfiguration;
			buildSettings = {
				ALWAYS_SEARCH_USER_PATHS = NO;
				CLANG_CXX_LANGUAGE_STANDARD = "gnu++0x";
				CLANG_CXX_LIBRARY = "libc++";
				CLANG_ENABLE_MODULES = YES;
				CLANG_ENABLE_OBJC_ARC = YES;
				CLANG_WARN_BOOL_CONVERSION = YES;
				CLANG_WARN_CONSTANT_CONVERSION = YES;
				CLANG_WARN_DIRECT_OBJC_ISA_USAGE = YES_ERROR;
				CLANG_WARN_EMPTY_BODY = YES;
				CLANG_WARN_ENUM_CONVERSION = YES;
				CLANG_WARN_INT_CONVERSION = YES;
				CLANG_WARN_OBJC_ROOT_CLASS = YES_ERROR;
				CLANG_WARN_UNREACHABLE_CODE = YES;
				CLANG_WARN__DUPLICATE_METHOD_MATCH = YES;
				"CODE_SIGN_IDENTITY[sdk=iphoneos*]" = "iPhone Developer";
				COPY_PHASE_STRIP = YES;
				ENABLE_NS_ASSERTIONS = NO;
				ENABLE_STRICT_OBJC_MSGSEND = YES;
				GCC_C_LANGUAGE_STANDARD = gnu99;
				GCC_WARN_64_TO_32_BIT_CONVERSION = YES;
				GCC_WARN_ABOUT_RETURN_TYPE = YES_ERROR;
				GCC_WARN_UNDECLARED_SELECTOR = YES;
				GCC_WARN_UNINITIALIZED_AUTOS = YES_AGGRESSIVE;
				GCC_WARN_UNUSED_FUNCTION = YES;
				GCC_WARN_UNUSED_VARIABLE = YES;
				IPHONEOS_DEPLOYMENT_TARGET = 8.1;
				MTL_ENABLE_DEBUG_INFO = NO;
				SDKROOT = iphoneos;
				VALIDATE_PRODUCT = YES;
			};
			name = Release;
		};
		BA3D06EB1A2015A800905B15 /* Debug */ = {
			isa = XCBuildConfiguration;
			buildSettings = {
				ASSETCATALOG_COMPILER_APPICON_NAME = AppIcon;
				INFOPLIST_FILE = tester/Info.plist;
				LD_RUNPATH_SEARCH_PATHS = "$(inherited) @executable_path/Frameworks";
				PRODUCT_NAME = "$(TARGET_NAME)";
			};
			name = Debug;
		};
		BA3D06EC1A2015A800905B15 /* Release */ = {
			isa = XCBuildConfiguration;
			buildSettings = {
				ASSETCATALOG_COMPILER_APPICON_NAME = AppIcon;
				INFOPLIST_FILE = tester/Info.plist;
				LD_RUNPATH_SEARCH_PATHS = "$(inherited) @executable_path/Frameworks";
				PRODUCT_NAME = "$(TARGET_NAME)";
			};
			name = Release;
		};
		BA3D06EE1A2015A800905B15 /* Debug */ = {
			isa = XCBuildConfiguration;
			buildSettings = {
				BUNDLE_LOADER = "$(TEST_HOST)";
				FRAMEWORK_SEARCH_PATHS = (
					"$(SDKROOT)/Developer/Library/Frameworks",
					"$(inherited)",
				);
				GCC_PREPROCESSOR_DEFINITIONS = (
					"DEBUG=1",
					"$(inherited)",
				);
				INFOPLIST_FILE = testerTests/Info.plist;
				LD_RUNPATH_SEARCH_PATHS = "$(inherited) @executable_path/Frameworks @loader_path/Frameworks";
				PRODUCT_NAME = "$(TARGET_NAME)";
				TEST_HOST = "$(BUILT_PRODUCTS_DIR)/tester.app/tester";
			};
			name = Debug;
		};
		BA3D06EF1A2015A800905B15 /* Release */ = {
			isa = XCBuildConfiguration;
			buildSettings = {
				BUNDLE_LOADER = "$(TEST_HOST)";
				FRAMEWORK_SEARCH_PATHS = (
					"$(SDKROOT)/Developer/Library/Frameworks",
					"$(inherited)",
				);
				INFOPLIST_FILE = testerTests/Info.plist;
				LD_RUNPATH_SEARCH_PATHS = "$(inherited) @executable_path/Frameworks @loader_path/Frameworks";
				PRODUCT_NAME = "$(TARGET_NAME)";
				TEST_HOST = "$(BUILT_PRODUCTS_DIR)/tester.app/tester";
			};
			name = Release;
		};
/* End XCBuildConfiguration section */

/* Begin XCConfigurationList section */
		BA3D06C21A2015A800905B15 /* Build configuration list for PBXProject "tester" */ = {
			isa = XCConfigurationList;
			buildConfigurations = (
				BA3D06E81A2015A800905B15 /* Debug */,
				BA3D06E91A2015A800905B15 /* Release */,
			);
			defaultConfigurationIsVisible = 0;
			defaultConfigurationName = Release;
		};
		BA3D06EA1A2015A800905B15 /* Build configuration list for PBXNativeTarget "tester" */ = {
			isa = XCConfigurationList;
			buildConfigurations = (
				BA3D06EB1A2015A800905B15 /* Debug */,
				BA3D06EC1A2015A800905B15 /* Release */,
			);
			defaultConfigurationIsVisible = 0;
			defaultConfigurationName = Release;
		};
		BA3D06ED1A2015A800905B15 /* Build configuration list for PBXNativeTarget "testerTests" */ = {
			isa = XCConfigurationList;
			buildConfigurations = (
				BA3D06EE1A2015A800905B15 /* Debug */,
				BA3D06EF1A2015A800905B15 /* Release */,
			);
			defaultConfigurationIsVisible = 0;
			defaultConfigurationName = Release;
		};
/* End XCConfigurationList section */
	};
	rootObject = BA3D06BF1A2015A800905B15 /* Project object */;
}
